
Microsoft Visual Studio Solution File, Format Version 12.00
# Visual Studio Version 17
VisualStudioVersion = 17.13.35931.197 d17.13
MinimumVisualStudioVersion = 10.0.40219.1
Project("{FAE04EC0-301F-11D3-BF4B-00C04F79EFBC}") = "FootballApi", "FootballApi\FootballApi.csproj", "{A197341D-A21A-46FF-904E-EC02660F6D79}"
EndProject
Global
	GlobalSection(SolutionConfigurationPlatforms) = preSolution
		Debug|Any CPU = Debug|Any CPU
		Release|Any CPU = Release|Any CPU
	EndGlobalSection
	GlobalSection(ProjectConfigurationPlatforms) = postSolution
		{A197341D-A21A-46FF-904E-EC02660F6D79}.Debug|Any CPU.ActiveCfg = Debug|Any CPU
		{A197341D-A21A-46FF-904E-EC02660F6D79}.Debug|Any CPU.Build.0 = Debug|Any CPU
		{A197341D-A21A-46FF-904E-EC02660F6D79}.Release|Any CPU.ActiveCfg = Release|Any CPU
		{A197341D-A21A-46FF-904E-EC02660F6D79}.Release|Any CPU.Build.0 = Release|Any CPU
	EndGlobalSection
	GlobalSection(SolutionProperties) = preSolution
		HideSolutionNode = FALSE
	EndGlobalSection
	GlobalSection(ExtensibilityGlobals) = postSolution
		SolutionGuid = {5198A896-6AC4-4CA9-9E4C-914C7CD7434F}
	EndGlobalSection
EndGlobal
